
Microsoft Visual Studio Solution File, Format Version 12.00
# Visual Studio Version 17
VisualStudioVersion = 17.2.32616.157
MinimumVisualStudioVersion = 10.0.40219.1
Project("{FAE04EC0-301F-11D3-BF4B-00C04F79EFBC}") = "ConsoleApp6", "ConsoleApp6\ConsoleApp6.csproj", "{FF97C316-3080-48B2-8441-69ED8C5FCD5D}"
EndProject
Global
	GlobalSection(SolutionConfigurationPlatforms) = preSolution
		Debug|Any CPU = Debug|Any CPU
		Release|Any CPU = Release|Any CPU
	EndGlobalSection
	GlobalSection(ProjectConfigurationPlatforms) = postSolution
		{FF97C316-3080-48B2-8441-69ED8C5FCD5D}.Debug|Any CPU.ActiveCfg = Debug|Any CPU
		{FF97C316-3080-48B2-8441-69ED8C5FCD5D}.Debug|Any CPU.Build.0 = Debug|Any CPU
		{FF97C316-3080-48B2-8441-69ED8C5FCD5D}.Release|Any CPU.ActiveCfg = Release|Any CPU
		{FF97C316-3080-48B2-8441-69ED8C5FCD5D}.Release|Any CPU.Build.0 = Release|Any CPU
	EndGlobalSection
	GlobalSection(SolutionProperties) = preSolution
		HideSolutionNode = FALSE
	EndGlobalSection
	GlobalSection(ExtensibilityGlobals) = postSolution
		SolutionGuid = {B3D25701-2698-4BC5-9392-78CA8B75E03C}
	EndGlobalSection
EndGlobal
